<Solution>
  <Project Path="Kindrith.Core.csproj" />
  <Project Path="Kindrith.Breathing.csproj" />
  <Project Path="Kindrith.Data.csproj" />
  <Project Path="Kindrith.Dialogue.csproj" />
  <Project Path="Kindrith.ShadowBattle.csproj" />
  <Project Path="Kindrith.Persistence.csproj" />
  <Project Path="Kindrith.Analytics.csproj" />
  <Project Path="Kindrith.UI.csproj" />
  <Project Path="Kindrith.Editor.csproj" />
  <Project Path="Tests.EditMode.csproj" />
  <Project Path="Tests.PlayMode.csproj" />
</Solution>
